{
  "name": "com.pspdfkit.demo",
  "version": "1.0.0",
  "lockfileVersion": 2,
  "requires": true,
  "packages": {
    "": {
      "name": "com.pspdfkit.demo",
      "version": "1.0.0",
      "license": "Apache-2.0",
      "devDependencies": {
        "cordova-plugin-androidx-adapter": "github:dpa99c/cordova-plugin-androidx-adapter",
        "cordova-plugin-enable-multidex": "github:PSPDFKit-labs/cordova-plugin-enable-multidex",
        "pspdfkit-cordova": "github:PSPDFKit/PSPDFKit-Cordova#rad/release-1.4.2"
      }
    },
    "node_modules/balanced-match": {
      "version": "1.0.2",
      "resolved": "https://registry.npmjs.org/balanced-match/-/balanced-match-1.0.2.tgz",
      "integrity": "sha512-3oSeUO0TMV67hN1AmbXsK4yaqU7tjiHlbxRDZOpH0KW9+CeX4bRAaX0Anxt0tx2MrpRpWwQaPwIlISEJhYU5Pw==",
      "dev": true
    },
    "node_modules/brace-expansion": {
      "version": "1.1.11",
      "resolved": "https://registry.npmjs.org/brace-expansion/-/brace-expansion-1.1.11.tgz",
      "integrity": "sha512-iCuPHDFgrHX7H2vEI/5xpz07zSHB00TpugqhmYtVmMO6518mCuRMoOYFldEBl0g187ufozdaHgWKcYFb61qGiA==",
      "dev": true,
      "dependencies": {
        "balanced-match": "^1.0.0",
        "concat-map": "0.0.1"
      }
    },
    "node_modules/concat-map": {
      "version": "0.0.1",
      "resolved": "https://registry.npmjs.org/concat-map/-/concat-map-0.0.1.tgz",
      "integrity": "sha1-2Klr13/Wjfd5OnMDajug1UBdR3s=",
      "dev": true
    },
    "node_modules/cordova-plugin-androidx-adapter": {
      "version": "1.1.3",
      "resolved": "git+ssh://git@github.com/dpa99c/cordova-plugin-androidx-adapter.git#2166b075d271103f84efc0d19b0f0ca1372cad2c",
      "dev": true,
      "license": "MIT",
      "dependencies": {
        "q": "^1.5.1",
        "recursive-readdir": "^2.2.2"
      }
    },
    "node_modules/cordova-plugin-enable-multidex": {
      "version": "0.1.3",
      "resolved": "git+ssh://git@github.com/PSPDFKit-labs/cordova-plugin-enable-multidex.git#b161e9473ba58b663ac5888acb3de1983c77ce40",
      "dev": true,
      "license": "MIT"
    },
    "node_modules/minimatch": {
      "version": "3.0.4",
      "resolved": "https://registry.npmjs.org/minimatch/-/minimatch-3.0.4.tgz",
      "integrity": "sha512-yJHVQEhyqPLUTgt9B83PXu6W3rx4MvvHvSUvToogpwoGDOUQ+yDrR0HRot+yOCdCO7u4hX3pWft6kWBBcqh0UA==",
      "dev": true,
      "dependencies": {
        "brace-expansion": "^1.1.7"
      },
      "engines": {
        "node": "*"
      }
    },
    "node_modules/pspdfkit-cordova": {
      "version": "1.4.2",
      "resolved": "git+ssh://git@github.com/PSPDFKit/PSPDFKit-Cordova.git#129d3bdfd61319b502f78c66e5fd670ceb6d0c75",
      "dev": true,
      "license": "MIT"
    },
    "node_modules/q": {
      "version": "1.5.1",
      "resolved": "https://registry.npmjs.org/q/-/q-1.5.1.tgz",
      "integrity": "sha1-fjL3W0E4EpHQRhHxvxQQmsAGUdc=",
      "dev": true,
      "engines": {
        "node": ">=0.6.0",
        "teleport": ">=0.2.0"
      }
    },
    "node_modules/recursive-readdir": {
      "version": "2.2.2",
      "resolved": "https://registry.npmjs.org/recursive-readdir/-/recursive-readdir-2.2.2.tgz",
      "integrity": "sha512-nRCcW9Sj7NuZwa2XvH9co8NPeXUBhZP7CRKJtU+cS6PW9FpCIFoI5ib0NT1ZrbNuPoRy0ylyCaUL8Gih4LSyFg==",
      "dev": true,
      "dependencies": {
        "minimatch": "3.0.4"
      },
      "engines": {
        "node": ">=0.10.0"
      }
    }
  },
  "dependencies": {
    "balanced-match": {
      "version": "1.0.2",
      "resolved": "https://registry.npmjs.org/balanced-match/-/balanced-match-1.0.2.tgz",
      "integrity": "sha512-3oSeUO0TMV67hN1AmbXsK4yaqU7tjiHlbxRDZOpH0KW9+CeX4bRAaX0Anxt0tx2MrpRpWwQaPwIlISEJhYU5Pw==",
      "dev": true
    },
    "brace-expansion": {
      "version": "1.1.11",
      "resolved": "https://registry.npmjs.org/brace-expansion/-/brace-expansion-1.1.11.tgz",
      "integrity": "sha512-iCuPHDFgrHX7H2vEI/5xpz07zSHB00TpugqhmYtVmMO6518mCuRMoOYFldEBl0g187ufozdaHgWKcYFb61qGiA==",
      "dev": true,
      "requires": {
        "balanced-match": "^1.0.0",
        "concat-map": "0.0.1"
      }
    },
    "concat-map": {
      "version": "0.0.1",
      "resolved": "https://registry.npmjs.org/concat-map/-/concat-map-0.0.1.tgz",
      "integrity": "sha1-2Klr13/Wjfd5OnMDajug1UBdR3s=",
      "dev": true
    },
    "cordova-plugin-androidx-adapter": {
      "version": "git+ssh://git@github.com/dpa99c/cordova-plugin-androidx-adapter.git#2166b075d271103f84efc0d19b0f0ca1372cad2c",
      "dev": true,
      "from": "cordova-plugin-androidx-adapter@github:dpa99c/cordova-plugin-androidx-adapter",
      "requires": {
        "q": "^1.5.1",
        "recursive-readdir": "^2.2.2"
      }
    },
    "cordova-plugin-enable-multidex": {
      "version": "git+ssh://git@github.com/PSPDFKit-labs/cordova-plugin-enable-multidex.git#b161e9473ba58b663ac5888acb3de1983c77ce40",
      "dev": true,
      "from": "cordova-plugin-enable-multidex@github:PSPDFKit-labs/cordova-plugin-enable-multidex"
    },
    "minimatch": {
      "version": "3.0.4",
      "resolved": "https://registry.npmjs.org/minimatch/-/minimatch-3.0.4.tgz",
      "integrity": "sha512-yJHVQEhyqPLUTgt9B83PXu6W3rx4MvvHvSUvToogpwoGDOUQ+yDrR0HRot+yOCdCO7u4hX3pWft6kWBBcqh0UA==",
      "dev": true,
      "requires": {
        "brace-expansion": "^1.1.7"
      }
    },
    "pspdfkit-cordova": {
      "version": "git+ssh://git@github.com/PSPDFKit/PSPDFKit-Cordova.git#129d3bdfd61319b502f78c66e5fd670ceb6d0c75",
      "dev": true,
      "from": "pspdfkit-cordova@github:PSPDFKit/PSPDFKit-Cordova#rad/release-1.4.2"
    },
    "q": {
      "version": "1.5.1",
      "resolved": "https://registry.npmjs.org/q/-/q-1.5.1.tgz",
      "integrity": "sha1-fjL3W0E4EpHQRhHxvxQQmsAGUdc=",
      "dev": true
    },
    "recursive-readdir": {
      "version": "2.2.2",
      "resolved": "https://registry.npmjs.org/recursive-readdir/-/recursive-readdir-2.2.2.tgz",
      "integrity": "sha512-nRCcW9Sj7NuZwa2XvH9co8NPeXUBhZP7CRKJtU+cS6PW9FpCIFoI5ib0NT1ZrbNuPoRy0ylyCaUL8Gih4LSyFg==",
      "dev": true,
      "requires": {
        "minimatch": "3.0.4"
      }
    }
  }
}
